{
  "originHash" : "71d99a5df075543b7dd3258997febd3f7ee81de4c7a78ca51223a4b9769fd7cf",
  "pins" : [
    {
      "identity" : "swift-project-service",
      "kind" : "remoteSourceControl",
      "location" : "https://github.com/femimarket/swift-project-service",
      "state" : {
        "branch" : "main",
        "revision" : "4be286ba6da864c7c7ee8f73560762ddd03886c0"
      }
    },
    {
      "identity" : "swiftapi",
      "kind" : "remoteSourceControl",
      "location" : "https://github.com/femimarket/swiftapi",
      "state" : {
        "branch" : "main",
        "revision" : "92eaa4a385edb1de46e4d163ff2745332106f326"
      }
    }
  ],
  "version" : 3
}
