{
  "originHash" : "64813e7649bcb911dfbca9432603661590b4f7d0b329c7e463d87f2099731511",
  "pins" : [
    {
      "identity" : "api",
      "kind" : "remoteSourceControl",
      "location" : "https://github.com/femimarket/api",
      "state" : {
        "branch" : "main",
        "revision" : "43dc42a684b2a280dcff9a5e07f40f66352d397f"
      }
    },
    {
      "identity" : "swift-project-service",
      "kind" : "remoteSourceControl",
      "location" : "https://github.com/femimarket/swift-project-service",
      "state" : {
        "branch" : "main",
        "revision" : "4d6dad99ff29e2265fca66a366c2abbc46a41559"
      }
    }
  ],
  "version" : 3
}
